// !$*UTF8*$!
{
	archiveVersion = 1;
	classes = {
	};
	objectVersion = 46;
	objects = {

/* Begin PBXBuildFile section */
		00C302E51ABCBA2D00DB3ED1 /* libRCTActionSheet.a in Frameworks */ = {isa = PBXBuildFile; fileRef = 00C302AC1ABCB8CE00DB3ED1 /* libRCTActionSheet.a */; };
		00C302E71ABCBA2D00DB3ED1 /* libRCTGeolocation.a in Frameworks */ = {isa = PBXBuildFile; fileRef = 00C302BA1ABCB90400DB3ED1 /* libRCTGeolocation.a */; };
		00C302E81ABCBA2D00DB3ED1 /* libRCTImage.a in Frameworks */ = {isa = PBXBuildFile; fileRef = 00C302C01ABCB91800DB3ED1 /* libRCTImage.a */; };
		00C302E91ABCBA2D00DB3ED1 /* libRCTNetwork.a in Frameworks */ = {isa = PBXBuildFile; fileRef = 00C302DC1ABCB9D200DB3ED1 /* libRCTNetwork.a */; };
		00C302EA1ABCBA2D00DB3ED1 /* libRCTVibration.a in Frameworks */ = {isa = PBXBuildFile; fileRef = 00C302E41ABCB9EE00DB3ED1 /* libRCTVibration.a */; };
		00E356F31AD99517003FC87E /* ProjectTests.m in Sources */ = {isa = PBXBuildFile; fileRef = 00E356F21AD99517003FC87E /* ProjectTests.m */; };
		133E29F31AD74F7200F7D852 /* libRCTLinking.a in Frameworks */ = {isa = PBXBuildFile; fileRef = 78C398B91ACF4ADC00677621 /* libRCTLinking.a */; };
		139105C61AF99C1200B5F7CC /* libRCTSettings.a in Frameworks */ = {isa = PBXBuildFile; fileRef = 139105C11AF99BAD00B5F7CC /* libRCTSettings.a */; };
		139FDEF61B0652A700C62182 /* libRCTWebSocket.a in Frameworks */ = {isa = PBXBuildFile; fileRef = 139FDEF41B06529B00C62182 /* libRCTWebSocket.a */; };
		13B07FBC1A68108700A75B9A /* AppDelegate.m in Sources */ = {isa = PBXBuildFile; fileRef = 13B07FB01A68108700A75B9A /* AppDelegate.m */; };
		13B07FBD1A68108700A75B9A /* LaunchScreen.xib in Resources */ = {isa = PBXBuildFile; fileRef = 13B07FB11A68108700A75B9A /* LaunchScreen.xib */; };
		13B07FBF1A68108700A75B9A /* Images.xcassets in Resources */ = {isa = PBXBuildFile; fileRef = 13B07FB51A68108700A75B9A /* Images.xcassets */; };
		13B07FC11A68108700A75B9A /* main.m in Sources */ = {isa = PBXBuildFile; fileRef = 13B07FB71A68108700A75B9A /* main.m */; };
		146834051AC3E58100842450 /* libReact.a in Frameworks */ = {isa = PBXBuildFile; fileRef = 146834041AC3E56700842450 /* libReact.a */; };
		1F55D9DD1DEA6C6B00A2D202 /* .editorconfig in Resources */ = {isa = PBXBuildFile; fileRef = 1F55D9741DEA6C6A00A2D202 /* .editorconfig */; };
		1F55D9DE1DEA6C6B00A2D202 /* .eslintrc in Resources */ = {isa = PBXBuildFile; fileRef = 1F55D9751DEA6C6A00A2D202 /* .eslintrc */; };
		1F55D9DF1DEA6C6B00A2D202 /* .npmignore in Resources */ = {isa = PBXBuildFile; fileRef = 1F55D9761DEA6C6A00A2D202 /* .npmignore */; };
		1F55D9E01DEA6C6B00A2D202 /* build.gradle in Resources */ = {isa = PBXBuildFile; fileRef = 1F55D9781DEA6C6A00A2D202 /* build.gradle */; };
		1F55D9E11DEA6C6B00A2D202 /* AndroidManifest.xml in Resources */ = {isa = PBXBuildFile; fileRef = 1F55D97B1DEA6C6A00A2D202 /* AndroidManifest.xml */; };
		1F55D9E21DEA6C6B00A2D202 /* VectorIconsModule.java in Sources */ = {isa = PBXBuildFile; fileRef = 1F55D9801DEA6C6A00A2D202 /* VectorIconsModule.java */; };
		1F55D9E31DEA6C6B00A2D202 /* VectorIconsPackage.java in Sources */ = {isa = PBXBuildFile; fileRef = 1F55D9811DEA6C6A00A2D202 /* VectorIconsPackage.java */; };
		1F55D9E41DEA6C6B00A2D202 /* bower.json in Resources */ = {isa = PBXBuildFile; fileRef = 1F55D9821DEA6C6A00A2D202 /* bower.json */; };
		1F55D9E51DEA6C6B00A2D202 /* Entypo.js in Resources */ = {isa = PBXBuildFile; fileRef = 1F55D9831DEA6C6A00A2D202 /* Entypo.js */; };
		1F55D9E61DEA6C6B00A2D202 /* EvilIcons.js in Resources */ = {isa = PBXBuildFile; fileRef = 1F55D9841DEA6C6A00A2D202 /* EvilIcons.js */; };
		1F55D9E71DEA6C6B00A2D202 /* FontAwesome.js in Resources */ = {isa = PBXBuildFile; fileRef = 1F55D9851DEA6C6A00A2D202 /* FontAwesome.js */; };
		1F55D9E81DEA6C6B00A2D202 /* Entypo.ttf in Resources */ = {isa = PBXBuildFile; fileRef = 1F55D9871DEA6C6B00A2D202 /* Entypo.ttf */; };
		1F55D9E91DEA6C6B00A2D202 /* EvilIcons.ttf in Resources */ = {isa = PBXBuildFile; fileRef = 1F55D9881DEA6C6B00A2D202 /* EvilIcons.ttf */; };
		1F55D9EA1DEA6C6B00A2D202 /* FontAwesome.ttf in Resources */ = {isa = PBXBuildFile; fileRef = 1F55D9891DEA6C6B00A2D202 /* FontAwesome.ttf */; };
		1F55D9EB1DEA6C6B00A2D202 /* Foundation.ttf in Resources */ = {isa = PBXBuildFile; fileRef = 1F55D98A1DEA6C6B00A2D202 /* Foundation.ttf */; };
		1F55D9EC1DEA6C6B00A2D202 /* Ionicons.ttf in Resources */ = {isa = PBXBuildFile; fileRef = 1F55D98B1DEA6C6B00A2D202 /* Ionicons.ttf */; };
		1F55D9ED1DEA6C6B00A2D202 /* MaterialIcons.ttf in Resources */ = {isa = PBXBuildFile; fileRef = 1F55D98C1DEA6C6B00A2D202 /* MaterialIcons.ttf */; };
		1F55D9EE1DEA6C6B00A2D202 /* Octicons.ttf in Resources */ = {isa = PBXBuildFile; fileRef = 1F55D98D1DEA6C6B00A2D202 /* Octicons.ttf */; };
		1F55D9EF1DEA6C6B00A2D202 /* Zocial.ttf in Resources */ = {isa = PBXBuildFile; fileRef = 1F55D98E1DEA6C6B00A2D202 /* Zocial.ttf */; };
		1F55D9F01DEA6C6B00A2D202 /* fonts.gradle in Resources */ = {isa = PBXBuildFile; fileRef = 1F55D98F1DEA6C6B00A2D202 /* fonts.gradle */; };
		1F55D9F11DEA6C6B00A2D202 /* Foundation.js in Resources */ = {isa = PBXBuildFile; fileRef = 1F55D9901DEA6C6B00A2D202 /* Foundation.js */; };
		1F55D9F21DEA6C6B00A2D202 /* generate-icon.js in Resources */ = {isa = PBXBuildFile; fileRef = 1F55D9911DEA6C6B00A2D202 /* generate-icon.js */; };
		1F55D9F31DEA6C6B00A2D202 /* generate-material-icons.js in Resources */ = {isa = PBXBuildFile; fileRef = 1F55D9921DEA6C6B00A2D202 /* generate-material-icons.js */; };
		1F55D9F41DEA6C6B00A2D202 /* index.js in Resources */ = {isa = PBXBuildFile; fileRef = 1F55D9931DEA6C6B00A2D202 /* index.js */; };
		1F55D9F51DEA6C6B00A2D202 /* Ionicons.js in Resources */ = {isa = PBXBuildFile; fileRef = 1F55D9941DEA6C6B00A2D202 /* Ionicons.js */; };
		1F55D9F61DEA6C6B00A2D202 /* create-icon-set-from-fontello.js in Resources */ = {isa = PBXBuildFile; fileRef = 1F55D9961DEA6C6B00A2D202 /* create-icon-set-from-fontello.js */; };
		1F55D9F71DEA6C6B00A2D202 /* create-icon-set-from-icomoon.js in Resources */ = {isa = PBXBuildFile; fileRef = 1F55D9971DEA6C6B00A2D202 /* create-icon-set-from-icomoon.js */; };
		1F55D9F81DEA6C6B00A2D202 /* create-icon-set.js in Resources */ = {isa = PBXBuildFile; fileRef = 1F55D9981DEA6C6B00A2D202 /* create-icon-set.js */; };
		1F55D9F91DEA6C6B00A2D202 /* generate-icon-set-from-css.js in Resources */ = {isa = PBXBuildFile; fileRef = 1F55D9991DEA6C6B00A2D202 /* generate-icon-set-from-css.js */; };
		1F55D9FA1DEA6C6B00A2D202 /* icon-button.js in Resources */ = {isa = PBXBuildFile; fileRef = 1F55D99A1DEA6C6B00A2D202 /* icon-button.js */; };
		1F55D9FB1DEA6C6B00A2D202 /* react-native.js in Resources */ = {isa = PBXBuildFile; fileRef = 1F55D99B1DEA6C6B00A2D202 /* react-native.js */; };
		1F55D9FC1DEA6C6B00A2D202 /* react-native.osx.js in Resources */ = {isa = PBXBuildFile; fileRef = 1F55D99C1DEA6C6B00A2D202 /* react-native.osx.js */; };
		1F55D9FD1DEA6C6B00A2D202 /* tab-bar-item-ios.js in Resources */ = {isa = PBXBuildFile; fileRef = 1F55D99D1DEA6C6B00A2D202 /* tab-bar-item-ios.js */; };
		1F55D9FE1DEA6C6B00A2D202 /* toolbar-android.js in Resources */ = {isa = PBXBuildFile; fileRef = 1F55D99E1DEA6C6B00A2D202 /* toolbar-android.js */; };
		1F55D9FF1DEA6C6B00A2D202 /* LICENSE in Resources */ = {isa = PBXBuildFile; fileRef = 1F55D99F1DEA6C6B00A2D202 /* LICENSE */; };
		1F55DA001DEA6C6B00A2D202 /* MaterialIcons.js in Resources */ = {isa = PBXBuildFile; fileRef = 1F55D9A01DEA6C6B00A2D202 /* MaterialIcons.js */; };
		1F55DA011DEA6C6B00A2D202 /* window-size in Resources */ = {isa = PBXBuildFile; fileRef = 1F55D9A31DEA6C6B00A2D202 /* window-size */; };
		1F55DA021DEA6C6B00A2D202 /* CHANGELOG.md in Sources */ = {isa = PBXBuildFile; fileRef = 1F55D9A51DEA6C6B00A2D202 /* CHANGELOG.md */; };
		1F55DA031DEA6C6B00A2D202 /* index.js in Resources */ = {isa = PBXBuildFile; fileRef = 1F55D9A61DEA6C6B00A2D202 /* index.js */; };
		1F55DA041DEA6C6B00A2D202 /* LICENSE.txt in Resources */ = {isa = PBXBuildFile; fileRef = 1F55D9A71DEA6C6B00A2D202 /* LICENSE.txt */; };
		1F55DA051DEA6C6B00A2D202 /* package.json in Resources */ = {isa = PBXBuildFile; fileRef = 1F55D9A81DEA6C6B00A2D202 /* package.json */; };
		1F55DA061DEA6C6B00A2D202 /* README.md in Sources */ = {isa = PBXBuildFile; fileRef = 1F55D9A91DEA6C6B00A2D202 /* README.md */; };
		1F55DA071DEA6C6B00A2D202 /* cli.js in Resources */ = {isa = PBXBuildFile; fileRef = 1F55D9AB1DEA6C6B00A2D202 /* cli.js */; };
		1F55DA081DEA6C6B00A2D202 /* index.js in Resources */ = {isa = PBXBuildFile; fileRef = 1F55D9AC1DEA6C6B00A2D202 /* index.js */; };
		1F55DA091DEA6C6B00A2D202 /* LICENSE in Resources */ = {isa = PBXBuildFile; fileRef = 1F55D9AD1DEA6C6B00A2D202 /* LICENSE */; };
		1F55DA0A1DEA6C6B00A2D202 /* package.json in Resources */ = {isa = PBXBuildFile; fileRef = 1F55D9AE1DEA6C6B00A2D202 /* package.json */; };
		1F55DA0B1DEA6C6B00A2D202 /* README.md in Sources */ = {isa = PBXBuildFile; fileRef = 1F55D9AF1DEA6C6B00A2D202 /* README.md */; };
		1F55DA0C1DEA6C6B00A2D202 /* CHANGELOG.md in Sources */ = {isa = PBXBuildFile; fileRef = 1F55D9B11DEA6C6B00A2D202 /* CHANGELOG.md */; };
		1F55DA0D1DEA6C6B00A2D202 /* completion.sh.hbs in Resources */ = {isa = PBXBuildFile; fileRef = 1F55D9B21DEA6C6B00A2D202 /* completion.sh.hbs */; };
		1F55DA0E1DEA6C6B00A2D202 /* index.js in Resources */ = {isa = PBXBuildFile; fileRef = 1F55D9B31DEA6C6B00A2D202 /* index.js */; };
		1F55DA0F1DEA6C6B00A2D202 /* command.js in Resources */ = {isa = PBXBuildFile; fileRef = 1F55D9B51DEA6C6B00A2D202 /* command.js */; };
		1F55DA101DEA6C6B00A2D202 /* completion.js in Resources */ = {isa = PBXBuildFile; fileRef = 1F55D9B61DEA6C6B00A2D202 /* completion.js */; };
		1F55DA111DEA6C6B00A2D202 /* obj-filter.js in Resources */ = {isa = PBXBuildFile; fileRef = 1F55D9B71DEA6C6B00A2D202 /* obj-filter.js */; };
		1F55DA121DEA6C6B00A2D202 /* usage.js in Resources */ = {isa = PBXBuildFile; fileRef = 1F55D9B81DEA6C6B00A2D202 /* usage.js */; };
		1F55DA131DEA6C6B00A2D202 /* validation.js in Resources */ = {isa = PBXBuildFile; fileRef = 1F55D9B91DEA6C6B00A2D202 /* validation.js */; };
		1F55DA141DEA6C6B00A2D202 /* LICENSE in Resources */ = {isa = PBXBuildFile; fileRef = 1F55D9BA1DEA6C6B00A2D202 /* LICENSE */; };
		1F55DA151DEA6C6B00A2D202 /* de.json in Resources */ = {isa = PBXBuildFile; fileRef = 1F55D9BC1DEA6C6B00A2D202 /* de.json */; };
		1F55DA161DEA6C6B00A2D202 /* en.json in Resources */ = {isa = PBXBuildFile; fileRef = 1F55D9BD1DEA6C6B00A2D202 /* en.json */; };
		1F55DA171DEA6C6B00A2D202 /* es.json in Resources */ = {isa = PBXBuildFile; fileRef = 1F55D9BE1DEA6C6B00A2D202 /* es.json */; };
		1F55DA181DEA6C6B00A2D202 /* fr.json in Resources */ = {isa = PBXBuildFile; fileRef = 1F55D9BF1DEA6C6B00A2D202 /* fr.json */; };
		1F55DA191DEA6C6B00A2D202 /* id.json in Resources */ = {isa = PBXBuildFile; fileRef = 1F55D9C01DEA6C6B00A2D202 /* id.json */; };
		1F55DA1A1DEA6C6B00A2D202 /* it.json in Resources */ = {isa = PBXBuildFile; fileRef = 1F55D9C11DEA6C6B00A2D202 /* it.json */; };
		1F55DA1B1DEA6C6B00A2D202 /* ja.json in Resources */ = {isa = PBXBuildFile; fileRef = 1F55D9C21DEA6C6B00A2D202 /* ja.json */; };
		1F55DA1C1DEA6C6B00A2D202 /* ko.json in Resources */ = {isa = PBXBuildFile; fileRef = 1F55D9C31DEA6C6B00A2D202 /* ko.json */; };
		1F55DA1D1DEA6C6B00A2D202 /* nb.json in Resources */ = {isa = PBXBuildFile; fileRef = 1F55D9C41DEA6C6B00A2D202 /* nb.json */; };
		1F55DA1E1DEA6C6B00A2D202 /* pirate.json in Resources */ = {isa = PBXBuildFile; fileRef = 1F55D9C51DEA6C6B00A2D202 /* pirate.json */; };
		1F55DA1F1DEA6C6B00A2D202 /* pl.json in Resources */ = {isa = PBXBuildFile; fileRef = 1F55D9C61DEA6C6B00A2D202 /* pl.json */; };
		1F55DA201DEA6C6B00A2D202 /* pt.json in Resources */ = {isa = PBXBuildFile; fileRef = 1F55D9C71DEA6C6B00A2D202 /* pt.json */; };
		1F55DA211DEA6C6B00A2D202 /* pt_BR.json in Resources */ = {isa = PBXBuildFile; fileRef = 1F55D9C81DEA6C6B00A2D202 /* pt_BR.json */; };
		1F55DA221DEA6C6B00A2D202 /* tr.json in Resources */ = {isa = PBXBuildFile; fileRef = 1F55D9C91DEA6C6B00A2D202 /* tr.json */; };
		1F55DA231DEA6C6B00A2D202 /* zh.json in Resources */ = {isa = PBXBuildFile; fileRef = 1F55D9CA1DEA6C6B00A2D202 /* zh.json */; };
		1F55DA241DEA6C6B00A2D202 /* zh_CN.json in Resources */ = {isa = PBXBuildFile; fileRef = 1F55D9CB1DEA6C6B00A2D202 /* zh_CN.json */; };
		1F55DA251DEA6C6B00A2D202 /* package.json in Resources */ = {isa = PBXBuildFile; fileRef = 1F55D9CC1DEA6C6B00A2D202 /* package.json */; };
		1F55DA261DEA6C6B00A2D202 /* README.md in Sources */ = {isa = PBXBuildFile; fileRef = 1F55D9CD1DEA6C6B00A2D202 /* README.md */; };
		1F55DA271DEA6C6B00A2D202 /* yargs.js in Resources */ = {isa = PBXBuildFile; fileRef = 1F55D9CE1DEA6C6B00A2D202 /* yargs.js */; };
		1F55DA281DEA6C6B00A2D202 /* Octicons.js in Resources */ = {isa = PBXBuildFile; fileRef = 1F55D9CF1DEA6C6B00A2D202 /* Octicons.js */; };
		1F55DA291DEA6C6B00A2D202 /* package.json in Resources */ = {isa = PBXBuildFile; fileRef = 1F55D9D01DEA6C6B00A2D202 /* package.json */; };
		1F55DA2A1DEA6C6B00A2D202 /* README.md in Sources */ = {isa = PBXBuildFile; fileRef = 1F55D9D11DEA6C6B00A2D202 /* README.md */; };
		1F55DA2B1DEA6C6B00A2D202 /* RNIMigration.js in Resources */ = {isa = PBXBuildFile; fileRef = 1F55D9D21DEA6C6B00A2D202 /* RNIMigration.js */; };
		1F55DA2C1DEA6C6B00A2D202 /* RNVectorIcons.podspec in Resources */ = {isa = PBXBuildFile; fileRef = 1F55D9D31DEA6C6B00A2D202 /* RNVectorIcons.podspec */; };
		1F55DA2D1DEA6C6B00A2D202 /* RNVectorIconsManager.m in Sources */ = {isa = PBXBuildFile; fileRef = 1F55D9D91DEA6C6B00A2D202 /* RNVectorIconsManager.m */; };
		1F55DA2E1DEA6C6B00A2D202 /* iconSet.tpl in Resources */ = {isa = PBXBuildFile; fileRef = 1F55D9DB1DEA6C6B00A2D202 /* iconSet.tpl */; };
		1F55DA2F1DEA6C6B00A2D202 /* Zocial.js in Resources */ = {isa = PBXBuildFile; fileRef = 1F55D9DC1DEA6C6B00A2D202 /* Zocial.js */; };
		832341BD1AAA6AB300B99B32 /* libRCTText.a in Frameworks */ = {isa = PBXBuildFile; fileRef = 832341B51AAA6A8300B99B32 /* libRCTText.a */; };
/* End PBXBuildFile section */

/* Begin PBXContainerItemProxy section */
		00C302AB1ABCB8CE00DB3ED1 /* PBXContainerItemProxy */ = {
			isa = PBXContainerItemProxy;
			containerPortal = 00C302A71ABCB8CE00DB3ED1 /* RCTActionSheet.xcodeproj */;
			proxyType = 2;
			remoteGlobalIDString = 134814201AA4EA6300B7C361;
			remoteInfo = RCTActionSheet;
		};
		00C302B91ABCB90400DB3ED1 /* PBXContainerItemProxy */ = {
			isa = PBXContainerItemProxy;
			containerPortal = 00C302B51ABCB90400DB3ED1 /* RCTGeolocation.xcodeproj */;
			proxyType = 2;
			remoteGlobalIDString = 134814201AA4EA6300B7C361;
			remoteInfo = RCTGeolocation;
		};
		00C302BF1ABCB91800DB3ED1 /* PBXContainerItemProxy */ = {
			isa = PBXContainerItemProxy;
			containerPortal = 00C302BB1ABCB91800DB3ED1 /* RCTImage.xcodeproj */;
			proxyType = 2;
			remoteGlobalIDString = 58B5115D1A9E6B3D00147676;
			remoteInfo = RCTImage;
		};
		00C302DB1ABCB9D200DB3ED1 /* PBXContainerItemProxy */ = {
			isa = PBXContainerItemProxy;
			containerPortal = 00C302D31ABCB9D200DB3ED1 /* RCTNetwork.xcodeproj */;
			proxyType = 2;
			remoteGlobalIDString = 58B511DB1A9E6C8500147676;
			remoteInfo = RCTNetwork;
		};
		00C302E31ABCB9EE00DB3ED1 /* PBXContainerItemProxy */ = {
			isa = PBXContainerItemProxy;
			containerPortal = 00C302DF1ABCB9EE00DB3ED1 /* RCTVibration.xcodeproj */;
			proxyType = 2;
			remoteGlobalIDString = 832C81801AAF6DEF007FA2F7;
			remoteInfo = RCTVibration;
		};
		00E356F41AD99517003FC87E /* PBXContainerItemProxy */ = {
			isa = PBXContainerItemProxy;
			containerPortal = 83CBB9F71A601CBA00E9B192 /* Project object */;
			proxyType = 1;
			remoteGlobalIDString = 13B07F861A680F5B00A75B9A;
			remoteInfo = Project;
		};
		139105C01AF99BAD00B5F7CC /* PBXContainerItemProxy */ = {
			isa = PBXContainerItemProxy;
			containerPortal = 139105B61AF99BAD00B5F7CC /* RCTSettings.xcodeproj */;
			proxyType = 2;
			remoteGlobalIDString = 134814201AA4EA6300B7C361;
			remoteInfo = RCTSettings;
		};
		139FDEF31B06529B00C62182 /* PBXContainerItemProxy */ = {
			isa = PBXContainerItemProxy;
			containerPortal = 139FDEE61B06529A00C62182 /* RCTWebSocket.xcodeproj */;
			proxyType = 2;
			remoteGlobalIDString = 3C86DF461ADF2C930047B81A;
			remoteInfo = RCTWebSocket;
		};
		146834031AC3E56700842450 /* PBXContainerItemProxy */ = {
			isa = PBXContainerItemProxy;
			containerPortal = 146833FF1AC3E56700842450 /* React.xcodeproj */;
			proxyType = 2;
			remoteGlobalIDString = 83CBBA2E1A601D0E00E9B192;
			remoteInfo = React;
		};
		1F55DA3B1DEA6C6B00A2D202 /* PBXContainerItemProxy */ = {
			isa = PBXContainerItemProxy;
			containerPortal = 1F55D9D41DEA6C6B00A2D202 /* RNVectorIcons.xcodeproj */;
			proxyType = 2;
			remoteGlobalIDString = 5DBEB1501B18CEA900B34395;
			remoteInfo = RNVectorIcons;
		};
		78C398B81ACF4ADC00677621 /* PBXContainerItemProxy */ = {
			isa = PBXContainerItemProxy;
			containerPortal = 78C398B01ACF4ADC00677621 /* RCTLinking.xcodeproj */;
			proxyType = 2;
			remoteGlobalIDString = 134814201AA4EA6300B7C361;
			remoteInfo = RCTLinking;
		};
		832341B41AAA6A8300B99B32 /* PBXContainerItemProxy */ = {
			isa = PBXContainerItemProxy;
			containerPortal = 832341B01AAA6A8300B99B32 /* RCTText.xcodeproj */;
			proxyType = 2;
			remoteGlobalIDString = 58B5119B1A9E6C1200147676;
			remoteInfo = RCTText;
		};
/* End PBXContainerItemProxy section */

/* Begin PBXFileReference section */
		008F07F21AC5B25A0029DE68 /* main.jsbundle */ = {isa = PBXFileReference; fileEncoding = 4; lastKnownFileType = text; path = main.jsbundle; sourceTree = "<group>"; };
		00C302A71ABCB8CE00DB3ED1 /* RCTActionSheet.xcodeproj */ = {isa = PBXFileReference; lastKnownFileType = "wrapper.pb-project"; name = RCTActionSheet.xcodeproj; path = "../node_modules/react-native/Libraries/ActionSheetIOS/RCTActionSheet.xcodeproj"; sourceTree = "<group>"; };
		00C302B51ABCB90400DB3ED1 /* RCTGeolocation.xcodeproj */ = {isa = PBXFileReference; lastKnownFileType = "wrapper.pb-project"; name = RCTGeolocation.xcodeproj; path = "../node_modules/react-native/Libraries/Geolocation/RCTGeolocation.xcodeproj"; sourceTree = "<group>"; };
		00C302BB1ABCB91800DB3ED1 /* RCTImage.xcodeproj */ = {isa = PBXFileReference; lastKnownFileType = "wrapper.pb-project"; name = RCTImage.xcodeproj; path = "../node_modules/react-native/Libraries/Image/RCTImage.xcodeproj"; sourceTree = "<group>"; };
		00C302D31ABCB9D200DB3ED1 /* RCTNetwork.xcodeproj */ = {isa = PBXFileReference; lastKnownFileType = "wrapper.pb-project"; name = RCTNetwork.xcodeproj; path = "../node_modules/react-native/Libraries/Network/RCTNetwork.xcodeproj"; sourceTree = "<group>"; };
		00C302DF1ABCB9EE00DB3ED1 /* RCTVibration.xcodeproj */ = {isa = PBXFileReference; lastKnownFileType = "wrapper.pb-project"; name = RCTVibration.xcodeproj; path = "../node_modules/react-native/Libraries/Vibration/RCTVibration.xcodeproj"; sourceTree = "<group>"; };
		00E356EE1AD99517003FC87E /* ProjectTests.xctest */ = {isa = PBXFileReference; explicitFileType = wrapper.cfbundle; includeInIndex = 0; path = ProjectTests.xctest; sourceTree = BUILT_PRODUCTS_DIR; };
		00E356F11AD99517003FC87E /* Info.plist */ = {isa = PBXFileReference; lastKnownFileType = text.plist.xml; path = Info.plist; sourceTree = "<group>"; };
		00E356F21AD99517003FC87E /* ProjectTests.m */ = {isa = PBXFileReference; lastKnownFileType = sourcecode.c.objc; path = ProjectTests.m; sourceTree = "<group>"; };
		139105B61AF99BAD00B5F7CC /* RCTSettings.xcodeproj */ = {isa = PBXFileReference; lastKnownFileType = "wrapper.pb-project"; name = RCTSettings.xcodeproj; path = "../node_modules/react-native/Libraries/Settings/RCTSettings.xcodeproj"; sourceTree = "<group>"; };
		139FDEE61B06529A00C62182 /* RCTWebSocket.xcodeproj */ = {isa = PBXFileReference; lastKnownFileType = "wrapper.pb-project"; name = RCTWebSocket.xcodeproj; path = "../node_modules/react-native/Libraries/WebSocket/RCTWebSocket.xcodeproj"; sourceTree = "<group>"; };
		13B07F961A680F5B00A75B9A /* Project.app */ = {isa = PBXFileReference; explicitFileType = wrapper.application; includeInIndex = 0; path = Project.app; sourceTree = BUILT_PRODUCTS_DIR; };
		13B07FAF1A68108700A75B9A /* AppDelegate.h */ = {isa = PBXFileReference; fileEncoding = 4; lastKnownFileType = sourcecode.c.h; name = AppDelegate.h; path = Project/AppDelegate.h; sourceTree = "<group>"; };
		13B07FB01A68108700A75B9A /* AppDelegate.m */ = {isa = PBXFileReference; fileEncoding = 4; lastKnownFileType = sourcecode.c.objc; name = AppDelegate.m; path = Project/AppDelegate.m; sourceTree = "<group>"; };
		13B07FB21A68108700A75B9A /* Base */ = {isa = PBXFileReference; lastKnownFileType = file.xib; name = Base; path = Base.lproj/LaunchScreen.xib; sourceTree = "<group>"; };
		13B07FB51A68108700A75B9A /* Images.xcassets */ = {isa = PBXFileReference; lastKnownFileType = folder.assetcatalog; name = Images.xcassets; path = Project/Images.xcassets; sourceTree = "<group>"; };
		13B07FB61A68108700A75B9A /* Info.plist */ = {isa = PBXFileReference; fileEncoding = 4; lastKnownFileType = text.plist.xml; name = Info.plist; path = Project/Info.plist; sourceTree = "<group>"; };
		13B07FB71A68108700A75B9A /* main.m */ = {isa = PBXFileReference; fileEncoding = 4; lastKnownFileType = sourcecode.c.objc; name = main.m; path = Project/main.m; sourceTree = "<group>"; };
		146833FF1AC3E56700842450 /* React.xcodeproj */ = {isa = PBXFileReference; lastKnownFileType = "wrapper.pb-project"; name = React.xcodeproj; path = "../node_modules/react-native/React/React.xcodeproj"; sourceTree = "<group>"; };
		1F55D9741DEA6C6A00A2D202 /* .editorconfig */ = {isa = PBXFileReference; fileEncoding = 4; lastKnownFileType = text; path = .editorconfig; sourceTree = "<group>"; };
		1F55D9751DEA6C6A00A2D202 /* .eslintrc */ = {isa = PBXFileReference; fileEncoding = 4; lastKnownFileType = text; path = .eslintrc; sourceTree = "<group>"; };
		1F55D9761DEA6C6A00A2D202 /* .npmignore */ = {isa = PBXFileReference; fileEncoding = 4; lastKnownFileType = text; path = .npmignore; sourceTree = "<group>"; };
		1F55D9781DEA6C6A00A2D202 /* build.gradle */ = {isa = PBXFileReference; fileEncoding = 4; lastKnownFileType = text; path = build.gradle; sourceTree = "<group>"; };
		1F55D97B1DEA6C6A00A2D202 /* AndroidManifest.xml */ = {isa = PBXFileReference; fileEncoding = 4; lastKnownFileType = text.xml; path = AndroidManifest.xml; sourceTree = "<group>"; };
		1F55D9801DEA6C6A00A2D202 /* VectorIconsModule.java */ = {isa = PBXFileReference; fileEncoding = 4; lastKnownFileType = sourcecode.java; path = VectorIconsModule.java; sourceTree = "<group>"; };
		1F55D9811DEA6C6A00A2D202 /* VectorIconsPackage.java */ = {isa = PBXFileReference; fileEncoding = 4; lastKnownFileType = sourcecode.java; path = VectorIconsPackage.java; sourceTree = "<group>"; };
		1F55D9821DEA6C6A00A2D202 /* bower.json */ = {isa = PBXFileReference; fileEncoding = 4; lastKnownFileType = text.json; path = bower.json; sourceTree = "<group>"; };
		1F55D9831DEA6C6A00A2D202 /* Entypo.js */ = {isa = PBXFileReference; fileEncoding = 4; lastKnownFileType = sourcecode.javascript; path = Entypo.js; sourceTree = "<group>"; };
		1F55D9841DEA6C6A00A2D202 /* EvilIcons.js */ = {isa = PBXFileReference; fileEncoding = 4; lastKnownFileType = sourcecode.javascript; path = EvilIcons.js; sourceTree = "<group>"; };
		1F55D9851DEA6C6A00A2D202 /* FontAwesome.js */ = {isa = PBXFileReference; fileEncoding = 4; lastKnownFileType = sourcecode.javascript; path = FontAwesome.js; sourceTree = "<group>"; };
		1F55D9871DEA6C6B00A2D202 /* Entypo.ttf */ = {isa = PBXFileReference; lastKnownFileType = file; path = Entypo.ttf; sourceTree = "<group>"; };
		1F55D9881DEA6C6B00A2D202 /* EvilIcons.ttf */ = {isa = PBXFileReference; lastKnownFileType = file; path = EvilIcons.ttf; sourceTree = "<group>"; };
		1F55D9891DEA6C6B00A2D202 /* FontAwesome.ttf */ = {isa = PBXFileReference; lastKnownFileType = file; path = FontAwesome.ttf; sourceTree = "<group>"; };
		1F55D98A1DEA6C6B00A2D202 /* Foundation.ttf */ = {isa = PBXFileReference; lastKnownFileType = file; path = Foundation.ttf; sourceTree = "<group>"; };
		1F55D98B1DEA6C6B00A2D202 /* Ionicons.ttf */ = {isa = PBXFileReference; lastKnownFileType = file; path = Ionicons.ttf; sourceTree = "<group>"; };
		1F55D98C1DEA6C6B00A2D202 /* MaterialIcons.ttf */ = {isa = PBXFileReference; lastKnownFileType = file; path = MaterialIcons.ttf; sourceTree = "<group>"; };
		1F55D98D1DEA6C6B00A2D202 /* Octicons.ttf */ = {isa = PBXFileReference; lastKnownFileType = file; path = Octicons.ttf; sourceTree = "<group>"; };
		1F55D98E1DEA6C6B00A2D202 /* Zocial.ttf */ = {isa = PBXFileReference; lastKnownFileType = file; path = Zocial.ttf; sourceTree = "<group>"; };
		1F55D98F1DEA6C6B00A2D202 /* fonts.gradle */ = {isa = PBXFileReference; fileEncoding = 4; lastKnownFileType = text; path = fonts.gradle; sourceTree = "<group>"; };
		1F55D9901DEA6C6B00A2D202 /* Foundation.js */ = {isa = PBXFileReference; fileEncoding = 4; lastKnownFileType = sourcecode.javascript; path = Foundation.js; sourceTree = "<group>"; };
		1F55D9911DEA6C6B00A2D202 /* generate-icon.js */ = {isa = PBXFileReference; fileEncoding = 4; lastKnownFileType = sourcecode.javascript; path = "generate-icon.js"; sourceTree = "<group>"; };
		1F55D9921DEA6C6B00A2D202 /* generate-material-icons.js */ = {isa = PBXFileReference; fileEncoding = 4; lastKnownFileType = sourcecode.javascript; path = "generate-material-icons.js"; sourceTree = "<group>"; };
		1F55D9931DEA6C6B00A2D202 /* index.js */ = {isa = PBXFileReference; fileEncoding = 4; lastKnownFileType = sourcecode.javascript; path = index.js; sourceTree = "<group>"; };
		1F55D9941DEA6C6B00A2D202 /* Ionicons.js */ = {isa = PBXFileReference; fileEncoding = 4; lastKnownFileType = sourcecode.javascript; path = Ionicons.js; sourceTree = "<group>"; };
		1F55D9961DEA6C6B00A2D202 /* create-icon-set-from-fontello.js */ = {isa = PBXFileReference; fileEncoding = 4; lastKnownFileType = sourcecode.javascript; path = "create-icon-set-from-fontello.js"; sourceTree = "<group>"; };
		1F55D9971DEA6C6B00A2D202 /* create-icon-set-from-icomoon.js */ = {isa = PBXFileReference; fileEncoding = 4; lastKnownFileType = sourcecode.javascript; path = "create-icon-set-from-icomoon.js"; sourceTree = "<group>"; };
		1F55D9981DEA6C6B00A2D202 /* create-icon-set.js */ = {isa = PBXFileReference; fileEncoding = 4; lastKnownFileType = sourcecode.javascript; path = "create-icon-set.js"; sourceTree = "<group>"; };
		1F55D9991DEA6C6B00A2D202 /* generate-icon-set-from-css.js */ = {isa = PBXFileReference; fileEncoding = 4; lastKnownFileType = sourcecode.javascript; path = "generate-icon-set-from-css.js"; sourceTree = "<group>"; };
		1F55D99A1DEA6C6B00A2D202 /* icon-button.js */ = {isa = PBXFileReference; fileEncoding = 4; lastKnownFileType = sourcecode.javascript; path = "icon-button.js"; sourceTree = "<group>"; };
		1F55D99B1DEA6C6B00A2D202 /* react-native.js */ = {isa = PBXFileReference; fileEncoding = 4; lastKnownFileType = sourcecode.javascript; path = "react-native.js"; sourceTree = "<group>"; };
		1F55D99C1DEA6C6B00A2D202 /* react-native.osx.js */ = {isa = PBXFileReference; fileEncoding = 4; lastKnownFileType = sourcecode.javascript; path = "react-native.osx.js"; sourceTree = "<group>"; };
		1F55D99D1DEA6C6B00A2D202 /* tab-bar-item-ios.js */ = {isa = PBXFileReference; fileEncoding = 4; lastKnownFileType = sourcecode.javascript; path = "tab-bar-item-ios.js"; sourceTree = "<group>"; };
		1F55D99E1DEA6C6B00A2D202 /* toolbar-android.js */ = {isa = PBXFileReference; fileEncoding = 4; lastKnownFileType = sourcecode.javascript; path = "toolbar-android.js"; sourceTree = "<group>"; };
		1F55D99F1DEA6C6B00A2D202 /* LICENSE */ = {isa = PBXFileReference; fileEncoding = 4; lastKnownFileType = text; path = LICENSE; sourceTree = "<group>"; };
		1F55D9A01DEA6C6B00A2D202 /* MaterialIcons.js */ = {isa = PBXFileReference; fileEncoding = 4; lastKnownFileType = sourcecode.javascript; path = MaterialIcons.js; sourceTree = "<group>"; };
		1F55D9A31DEA6C6B00A2D202 /* window-size */ = {isa = PBXFileReference; fileEncoding = 4; lastKnownFileType = text; path = "window-size"; sourceTree = "<group>"; };
		1F55D9A51DEA6C6B00A2D202 /* CHANGELOG.md */ = {isa = PBXFileReference; fileEncoding = 4; lastKnownFileType = net.daringfireball.markdown; path = CHANGELOG.md; sourceTree = "<group>"; };
		1F55D9A61DEA6C6B00A2D202 /* index.js */ = {isa = PBXFileReference; fileEncoding = 4; lastKnownFileType = sourcecode.javascript; path = index.js; sourceTree = "<group>"; };
		1F55D9A71DEA6C6B00A2D202 /* LICENSE.txt */ = {isa = PBXFileReference; fileEncoding = 4; lastKnownFileType = text; path = LICENSE.txt; sourceTree = "<group>"; };
		1F55D9A81DEA6C6B00A2D202 /* package.json */ = {isa = PBXFileReference; fileEncoding = 4; lastKnownFileType = text.json; path = package.json; sourceTree = "<group>"; };
		1F55D9A91DEA6C6B00A2D202 /* README.md */ = {isa = PBXFileReference; fileEncoding = 4; lastKnownFileType = net.daringfireball.markdown; path = README.md; sourceTree = "<group>"; };
		1F55D9AB1DEA6C6B00A2D202 /* cli.js */ = {isa = PBXFileReference; fileEncoding = 4; lastKnownFileType = sourcecode.javascript; path = cli.js; sourceTree = "<group>"; };
		1F55D9AC1DEA6C6B00A2D202 /* index.js */ = {isa = PBXFileReference; fileEncoding = 4; lastKnownFileType = sourcecode.javascript; path = index.js; sourceTree = "<group>"; };
		1F55D9AD1DEA6C6B00A2D202 /* LICENSE */ = {isa = PBXFileReference; fileEncoding = 4; lastKnownFileType = text; path = LICENSE; sourceTree = "<group>"; };
		1F55D9AE1DEA6C6B00A2D202 /* package.json */ = {isa = PBXFileReference; fileEncoding = 4; lastKnownFileType = text.json; path = package.json; sourceTree = "<group>"; };
		1F55D9AF1DEA6C6B00A2D202 /* README.md */ = {isa = PBXFileReference; fileEncoding = 4; lastKnownFileType = net.daringfireball.markdown; path = README.md; sourceTree = "<group>"; };
		1F55D9B11DEA6C6B00A2D202 /* CHANGELOG.md */ = {isa = PBXFileReference; fileEncoding = 4; lastKnownFileType = net.daringfireball.markdown; path = CHANGELOG.md; sourceTree = "<group>"; };
		1F55D9B21DEA6C6B00A2D202 /* completion.sh.hbs */ = {isa = PBXFileReference; fileEncoding = 4; lastKnownFileType = text; path = completion.sh.hbs; sourceTree = "<group>"; };
		1F55D9B31DEA6C6B00A2D202 /* index.js */ = {isa = PBXFileReference; fileEncoding = 4; lastKnownFileType = sourcecode.javascript; path = index.js; sourceTree = "<group>"; };
		1F55D9B51DEA6C6B00A2D202 /* command.js */ = {isa = PBXFileReference; fileEncoding = 4; lastKnownFileType = sourcecode.javascript; path = command.js; sourceTree = "<group>"; };
		1F55D9B61DEA6C6B00A2D202 /* completion.js */ = {isa = PBXFileReference; fileEncoding = 4; lastKnownFileType = sourcecode.javascript; path = completion.js; sourceTree = "<group>"; };
		1F55D9B71DEA6C6B00A2D202 /* obj-filter.js */ = {isa = PBXFileReference; fileEncoding = 4; lastKnownFileType = sourcecode.javascript; path = "obj-filter.js"; sourceTree = "<group>"; };
		1F55D9B81DEA6C6B00A2D202 /* usage.js */ = {isa = PBXFileReference; fileEncoding = 4; lastKnownFileType = sourcecode.javascript; path = usage.js; sourceTree = "<group>"; };
		1F55D9B91DEA6C6B00A2D202 /* validation.js */ = {isa = PBXFileReference; fileEncoding = 4; lastKnownFileType = sourcecode.javascript; path = validation.js; sourceTree = "<group>"; };
		1F55D9BA1DEA6C6B00A2D202 /* LICENSE */ = {isa = PBXFileReference; fileEncoding = 4; lastKnownFileType = text; path = LICENSE; sourceTree = "<group>"; };
		1F55D9BC1DEA6C6B00A2D202 /* de.json */ = {isa = PBXFileReference; fileEncoding = 4; lastKnownFileType = text.json; path = de.json; sourceTree = "<group>"; };
		1F55D9BD1DEA6C6B00A2D202 /* en.json */ = {isa = PBXFileReference; fileEncoding = 4; lastKnownFileType = text.json; path = en.json; sourceTree = "<group>"; };
		1F55D9BE1DEA6C6B00A2D202 /* es.json */ = {isa = PBXFileReference; fileEncoding = 4; lastKnownFileType = text.json; path = es.json; sourceTree = "<group>"; };
		1F55D9BF1DEA6C6B00A2D202 /* fr.json */ = {isa = PBXFileReference; fileEncoding = 4; lastKnownFileType = text.json; path = fr.json; sourceTree = "<group>"; };
		1F55D9C01DEA6C6B00A2D202 /* id.json */ = {isa = PBXFileReference; fileEncoding = 4; lastKnownFileType = text.json; path = id.json; sourceTree = "<group>"; };
		1F55D9C11DEA6C6B00A2D202 /* it.json */ = {isa = PBXFileReference; fileEncoding = 4; lastKnownFileType = text.json; path = it.json; sourceTree = "<group>"; };
		1F55D9C21DEA6C6B00A2D202 /* ja.json */ = {isa = PBXFileReference; fileEncoding = 4; lastKnownFileType = text.json; path = ja.json; sourceTree = "<group>"; };
		1F55D9C31DEA6C6B00A2D202 /* ko.json */ = {isa = PBXFileReference; fileEncoding = 4; lastKnownFileType = text.json; path = ko.json; sourceTree = "<group>"; };
		1F55D9C41DEA6C6B00A2D202 /* nb.json */ = {isa = PBXFileReference; fileEncoding = 4; lastKnownFileType = text.json; path = nb.json; sourceTree = "<group>"; };
		1F55D9C51DEA6C6B00A2D202 /* pirate.json */ = {isa = PBXFileReference; fileEncoding = 4; lastKnownFileType = text.json; path = pirate.json; sourceTree = "<group>"; };
		1F55D9C61DEA6C6B00A2D202 /* pl.json */ = {isa = PBXFileReference; fileEncoding = 4; lastKnownFileType = text.json; path = pl.json; sourceTree = "<group>"; };
		1F55D9C71DEA6C6B00A2D202 /* pt.json */ = {isa = PBXFileReference; fileEncoding = 4; lastKnownFileType = text.json; path = pt.json; sourceTree = "<group>"; };
		1F55D9C81DEA6C6B00A2D202 /* pt_BR.json */ = {isa = PBXFileReference; fileEncoding = 4; lastKnownFileType = text.json; path = pt_BR.json; sourceTree = "<group>"; };
		1F55D9C91DEA6C6B00A2D202 /* tr.json */ = {isa = PBXFileReference; fileEncoding = 4; lastKnownFileType = text.json; path = tr.json; sourceTree = "<group>"; };
		1F55D9CA1DEA6C6B00A2D202 /* zh.json */ = {isa = PBXFileReference; fileEncoding = 4; lastKnownFileType = text.json; path = zh.json; sourceTree = "<group>"; };
		1F55D9CB1DEA6C6B00A2D202 /* zh_CN.json */ = {isa = PBXFileReference; fileEncoding = 4; lastKnownFileType = text.json; path = zh_CN.json; sourceTree = "<group>"; };
		1F55D9CC1DEA6C6B00A2D202 /* package.json */ = {isa = PBXFileReference; fileEncoding = 4; lastKnownFileType = text.json; path = package.json; sourceTree = "<group>"; };
		1F55D9CD1DEA6C6B00A2D202 /* README.md */ = {isa = PBXFileReference; fileEncoding = 4; lastKnownFileType = net.daringfireball.markdown; path = README.md; sourceTree = "<group>"; };
		1F55D9CE1DEA6C6B00A2D202 /* yargs.js */ = {isa = PBXFileReference; fileEncoding = 4; lastKnownFileType = sourcecode.javascript; path = yargs.js; sourceTree = "<group>"; };
		1F55D9CF1DEA6C6B00A2D202 /* Octicons.js */ = {isa = PBXFileReference; fileEncoding = 4; lastKnownFileType = sourcecode.javascript; path = Octicons.js; sourceTree = "<group>"; };
		1F55D9D01DEA6C6B00A2D202 /* package.json */ = {isa = PBXFileReference; fileEncoding = 4; lastKnownFileType = text.json; path = package.json; sourceTree = "<group>"; };
		1F55D9D11DEA6C6B00A2D202 /* README.md */ = {isa = PBXFileReference; fileEncoding = 4; lastKnownFileType = net.daringfireball.markdown; path = README.md; sourceTree = "<group>"; };
		1F55D9D21DEA6C6B00A2D202 /* RNIMigration.js */ = {isa = PBXFileReference; fileEncoding = 4; lastKnownFileType = sourcecode.javascript; path = RNIMigration.js; sourceTree = "<group>"; };
		1F55D9D31DEA6C6B00A2D202 /* RNVectorIcons.podspec */ = {isa = PBXFileReference; fileEncoding = 4; lastKnownFileType = text; path = RNVectorIcons.podspec; sourceTree = "<group>"; };
		1F55D9D41DEA6C6B00A2D202 /* RNVectorIcons.xcodeproj */ = {isa = PBXFileReference; lastKnownFileType = "wrapper.pb-project"; path = RNVectorIcons.xcodeproj; sourceTree = "<group>"; };
		1F55D9D81DEA6C6B00A2D202 /* RNVectorIconsManager.h */ = {isa = PBXFileReference; fileEncoding = 4; lastKnownFileType = sourcecode.c.h; path = RNVectorIconsManager.h; sourceTree = "<group>"; };
		1F55D9D91DEA6C6B00A2D202 /* RNVectorIconsManager.m */ = {isa = PBXFileReference; fileEncoding = 4; lastKnownFileType = sourcecode.c.objc; path = RNVectorIconsManager.m; sourceTree = "<group>"; };
		1F55D9DB1DEA6C6B00A2D202 /* iconSet.tpl */ = {isa = PBXFileReference; fileEncoding = 4; lastKnownFileType = text; path = iconSet.tpl; sourceTree = "<group>"; };
		1F55D9DC1DEA6C6B00A2D202 /* Zocial.js */ = {isa = PBXFileReference; fileEncoding = 4; lastKnownFileType = sourcecode.javascript; path = Zocial.js; sourceTree = "<group>"; };
		78C398B01ACF4ADC00677621 /* RCTLinking.xcodeproj */ = {isa = PBXFileReference; lastKnownFileType = "wrapper.pb-project"; name = RCTLinking.xcodeproj; path = "../node_modules/react-native/Libraries/LinkingIOS/RCTLinking.xcodeproj"; sourceTree = "<group>"; };
		832341B01AAA6A8300B99B32 /* RCTText.xcodeproj */ = {isa = PBXFileReference; lastKnownFileType = "wrapper.pb-project"; name = RCTText.xcodeproj; path = "../node_modules/react-native/Libraries/Text/RCTText.xcodeproj"; sourceTree = "<group>"; };
/* End PBXFileReference section */

/* Begin PBXFrameworksBuildPhase section */
		00E356EB1AD99517003FC87E /* Frameworks */ = {
			isa = PBXFrameworksBuildPhase;
			buildActionMask = 2147483647;
			files = (
			);
			runOnlyForDeploymentPostprocessing = 0;
		};
		13B07F8C1A680F5B00A75B9A /* Frameworks */ = {
			isa = PBXFrameworksBuildPhase;
			buildActionMask = 2147483647;
			files = (
				146834051AC3E58100842450 /* libReact.a in Frameworks */,
				00C302E51ABCBA2D00DB3ED1 /* libRCTActionSheet.a in Frameworks */,
				00C302E71ABCBA2D00DB3ED1 /* libRCTGeolocation.a in Frameworks */,
				00C302E81ABCBA2D00DB3ED1 /* libRCTImage.a in Frameworks */,
				133E29F31AD74F7200F7D852 /* libRCTLinking.a in Frameworks */,
				00C302E91ABCBA2D00DB3ED1 /* libRCTNetwork.a in Frameworks */,
				139105C61AF99C1200B5F7CC /* libRCTSettings.a in Frameworks */,
				832341BD1AAA6AB300B99B32 /* libRCTText.a in Frameworks */,
				00C302EA1ABCBA2D00DB3ED1 /* libRCTVibration.a in Frameworks */,
				139FDEF61B0652A700C62182 /* libRCTWebSocket.a in Frameworks */,
			);
			runOnlyForDeploymentPostprocessing = 0;
		};
/* End PBXFrameworksBuildPhase section */

/* Begin PBXGroup section */
		00C302A81ABCB8CE00DB3ED1 /* Products */ = {
			isa = PBXGroup;
			children = (
				00C302AC1ABCB8CE00DB3ED1 /* libRCTActionSheet.a */,
			);
			name = Products;
			sourceTree = "<group>";
		};
		00C302B61ABCB90400DB3ED1 /* Products */ = {
			isa = PBXGroup;
			children = (
				00C302BA1ABCB90400DB3ED1 /* libRCTGeolocation.a */,
			);
			name = Products;
			sourceTree = "<group>";
		};
		00C302BC1ABCB91800DB3ED1 /* Products */ = {
			isa = PBXGroup;
			children = (
				00C302C01ABCB91800DB3ED1 /* libRCTImage.a */,
			);
			name = Products;
			sourceTree = "<group>";
		};
		00C302D41ABCB9D200DB3ED1 /* Products */ = {
			isa = PBXGroup;
			children = (
				00C302DC1ABCB9D200DB3ED1 /* libRCTNetwork.a */,
			);
			name = Products;
			sourceTree = "<group>";
		};
		00C302E01ABCB9EE00DB3ED1 /* Products */ = {
			isa = PBXGroup;
			children = (
				00C302E41ABCB9EE00DB3ED1 /* libRCTVibration.a */,
			);
			name = Products;
			sourceTree = "<group>";
		};
		00E356EF1AD99517003FC87E /* ProjectTests */ = {
			isa = PBXGroup;
			children = (
				00E356F21AD99517003FC87E /* ProjectTests.m */,
				00E356F01AD99517003FC87E /* Supporting Files */,
			);
			path = ProjectTests;
			sourceTree = "<group>";
		};
		00E356F01AD99517003FC87E /* Supporting Files */ = {
			isa = PBXGroup;
			children = (
				00E356F11AD99517003FC87E /* Info.plist */,
			);
			name = "Supporting Files";
			sourceTree = "<group>";
		};
		139105B71AF99BAD00B5F7CC /* Products */ = {
			isa = PBXGroup;
			children = (
				139105C11AF99BAD00B5F7CC /* libRCTSettings.a */,
			);
			name = Products;
			sourceTree = "<group>";
		};
		139FDEE71B06529A00C62182 /* Products */ = {
			isa = PBXGroup;
			children = (
				139FDEF41B06529B00C62182 /* libRCTWebSocket.a */,
			);
			name = Products;
			sourceTree = "<group>";
		};
		13B07FAE1A68108700A75B9A /* Project */ = {
			isa = PBXGroup;
			children = (
				008F07F21AC5B25A0029DE68 /* main.jsbundle */,
				13B07FAF1A68108700A75B9A /* AppDelegate.h */,
				13B07FB01A68108700A75B9A /* AppDelegate.m */,
				13B07FB51A68108700A75B9A /* Images.xcassets */,
				13B07FB61A68108700A75B9A /* Info.plist */,
				13B07FB11A68108700A75B9A /* LaunchScreen.xib */,
				13B07FB71A68108700A75B9A /* main.m */,
			);
			name = Project;
			sourceTree = "<group>";
		};
		146834001AC3E56700842450 /* Products */ = {
			isa = PBXGroup;
			children = (
				146834041AC3E56700842450 /* libReact.a */,
			);
			name = Products;
			sourceTree = "<group>";
		};
		1F55D9731DEA6C6A00A2D202 /* react-native-vector-icons */ = {
			isa = PBXGroup;
			children = (
				1F55D9741DEA6C6A00A2D202 /* .editorconfig */,
				1F55D9751DEA6C6A00A2D202 /* .eslintrc */,
				1F55D9761DEA6C6A00A2D202 /* .npmignore */,
				1F55D9771DEA6C6A00A2D202 /* android */,
				1F55D9821DEA6C6A00A2D202 /* bower.json */,
				1F55D9831DEA6C6A00A2D202 /* Entypo.js */,
				1F55D9841DEA6C6A00A2D202 /* EvilIcons.js */,
				1F55D9851DEA6C6A00A2D202 /* FontAwesome.js */,
				1F55D9861DEA6C6A00A2D202 /* Fonts */,
				1F55D98F1DEA6C6B00A2D202 /* fonts.gradle */,
				1F55D9901DEA6C6B00A2D202 /* Foundation.js */,
				1F55D9911DEA6C6B00A2D202 /* generate-icon.js */,
				1F55D9921DEA6C6B00A2D202 /* generate-material-icons.js */,
				1F55D9931DEA6C6B00A2D202 /* index.js */,
				1F55D9941DEA6C6B00A2D202 /* Ionicons.js */,
				1F55D9951DEA6C6B00A2D202 /* lib */,
				1F55D99F1DEA6C6B00A2D202 /* LICENSE */,
				1F55D9A01DEA6C6B00A2D202 /* MaterialIcons.js */,
				1F55D9A11DEA6C6B00A2D202 /* node_modules */,
				1F55D9CF1DEA6C6B00A2D202 /* Octicons.js */,
				1F55D9D01DEA6C6B00A2D202 /* package.json */,
				1F55D9D11DEA6C6B00A2D202 /* README.md */,
				1F55D9D21DEA6C6B00A2D202 /* RNIMigration.js */,
				1F55D9D31DEA6C6B00A2D202 /* RNVectorIcons.podspec */,
				1F55D9D41DEA6C6B00A2D202 /* RNVectorIcons.xcodeproj */,
				1F55D9D71DEA6C6B00A2D202 /* RNVectorIconsManager */,
				1F55D9DA1DEA6C6B00A2D202 /* template */,
				1F55D9DC1DEA6C6B00A2D202 /* Zocial.js */,
			);
			name = "react-native-vector-icons";
			path = "../node_modules/react-native-vector-icons";
			sourceTree = "<group>";
		};
		1F55D9771DEA6C6A00A2D202 /* android */ = {
			isa = PBXGroup;
			children = (
				1F55D9781DEA6C6A00A2D202 /* build.gradle */,
				1F55D9791DEA6C6A00A2D202 /* src */,
			);
			path = android;
			sourceTree = "<group>";
		};
		1F55D9791DEA6C6A00A2D202 /* src */ = {
			isa = PBXGroup;
			children = (
				1F55D97A1DEA6C6A00A2D202 /* main */,
			);
			path = src;
			sourceTree = "<group>";
		};
		1F55D97A1DEA6C6A00A2D202 /* main */ = {
			isa = PBXGroup;
			children = (
				1F55D97B1DEA6C6A00A2D202 /* AndroidManifest.xml */,
				1F55D97C1DEA6C6A00A2D202 /* java */,
			);
			path = main;
			sourceTree = "<group>";
		};
		1F55D97C1DEA6C6A00A2D202 /* java */ = {
			isa = PBXGroup;
			children = (
				1F55D97D1DEA6C6A00A2D202 /* com */,
			);
			path = java;
			sourceTree = "<group>";
		};
		1F55D97D1DEA6C6A00A2D202 /* com */ = {
			isa = PBXGroup;
			children = (
				1F55D97E1DEA6C6A00A2D202 /* oblador */,
			);
			path = com;
			sourceTree = "<group>";
		};
		1F55D97E1DEA6C6A00A2D202 /* oblador */ = {
			isa = PBXGroup;
			children = (
				1F55D97F1DEA6C6A00A2D202 /* vectoricons */,
			);
			path = oblador;
			sourceTree = "<group>";
		};
		1F55D97F1DEA6C6A00A2D202 /* vectoricons */ = {
			isa = PBXGroup;
			children = (
				1F55D9801DEA6C6A00A2D202 /* VectorIconsModule.java */,
				1F55D9811DEA6C6A00A2D202 /* VectorIconsPackage.java */,
			);
			path = vectoricons;
			sourceTree = "<group>";
		};
		1F55D9861DEA6C6A00A2D202 /* Fonts */ = {
			isa = PBXGroup;
			children = (
				1F55D9871DEA6C6B00A2D202 /* Entypo.ttf */,
				1F55D9881DEA6C6B00A2D202 /* EvilIcons.ttf */,
				1F55D9891DEA6C6B00A2D202 /* FontAwesome.ttf */,
				1F55D98A1DEA6C6B00A2D202 /* Foundation.ttf */,
				1F55D98B1DEA6C6B00A2D202 /* Ionicons.ttf */,
				1F55D98C1DEA6C6B00A2D202 /* MaterialIcons.ttf */,
				1F55D98D1DEA6C6B00A2D202 /* Octicons.ttf */,
				1F55D98E1DEA6C6B00A2D202 /* Zocial.ttf */,
			);
			path = Fonts;
			sourceTree = "<group>";
		};
		1F55D9951DEA6C6B00A2D202 /* lib */ = {
			isa = PBXGroup;
			children = (
				1F55D9961DEA6C6B00A2D202 /* create-icon-set-from-fontello.js */,
				1F55D9971DEA6C6B00A2D202 /* create-icon-set-from-icomoon.js */,
				1F55D9981DEA6C6B00A2D202 /* create-icon-set.js */,
				1F55D9991DEA6C6B00A2D202 /* generate-icon-set-from-css.js */,
				1F55D99A1DEA6C6B00A2D202 /* icon-button.js */,
				1F55D99B1DEA6C6B00A2D202 /* react-native.js */,
				1F55D99C1DEA6C6B00A2D202 /* react-native.osx.js */,
				1F55D99D1DEA6C6B00A2D202 /* tab-bar-item-ios.js */,
				1F55D99E1DEA6C6B00A2D202 /* toolbar-android.js */,
			);
			path = lib;
			sourceTree = "<group>";
		};
		1F55D9A11DEA6C6B00A2D202 /* node_modules */ = {
			isa = PBXGroup;
			children = (
				1F55D9A21DEA6C6B00A2D202 /* .bin */,
				1F55D9A41DEA6C6B00A2D202 /* cliui */,
				1F55D9AA1DEA6C6B00A2D202 /* window-size */,
				1F55D9B01DEA6C6B00A2D202 /* yargs */,
			);
			path = node_modules;
			sourceTree = "<group>";
		};
		1F55D9A21DEA6C6B00A2D202 /* .bin */ = {
			isa = PBXGroup;
			children = (
				1F55D9A31DEA6C6B00A2D202 /* window-size */,
			);
			path = .bin;
			sourceTree = "<group>";
		};
		1F55D9A41DEA6C6B00A2D202 /* cliui */ = {
			isa = PBXGroup;
			children = (
				1F55D9A51DEA6C6B00A2D202 /* CHANGELOG.md */,
				1F55D9A61DEA6C6B00A2D202 /* index.js */,
				1F55D9A71DEA6C6B00A2D202 /* LICENSE.txt */,
				1F55D9A81DEA6C6B00A2D202 /* package.json */,
				1F55D9A91DEA6C6B00A2D202 /* README.md */,
			);
			path = cliui;
			sourceTree = "<group>";
		};
		1F55D9AA1DEA6C6B00A2D202 /* window-size */ = {
			isa = PBXGroup;
			children = (
				1F55D9AB1DEA6C6B00A2D202 /* cli.js */,
				1F55D9AC1DEA6C6B00A2D202 /* index.js */,
				1F55D9AD1DEA6C6B00A2D202 /* LICENSE */,
				1F55D9AE1DEA6C6B00A2D202 /* package.json */,
				1F55D9AF1DEA6C6B00A2D202 /* README.md */,
			);
			path = "window-size";
			sourceTree = "<group>";
		};
		1F55D9B01DEA6C6B00A2D202 /* yargs */ = {
			isa = PBXGroup;
			children = (
				1F55D9B11DEA6C6B00A2D202 /* CHANGELOG.md */,
				1F55D9B21DEA6C6B00A2D202 /* completion.sh.hbs */,
				1F55D9B31DEA6C6B00A2D202 /* index.js */,
				1F55D9B41DEA6C6B00A2D202 /* lib */,
				1F55D9BA1DEA6C6B00A2D202 /* LICENSE */,
				1F55D9BB1DEA6C6B00A2D202 /* locales */,
				1F55D9CC1DEA6C6B00A2D202 /* package.json */,
				1F55D9CD1DEA6C6B00A2D202 /* README.md */,
				1F55D9CE1DEA6C6B00A2D202 /* yargs.js */,
			);
			path = yargs;
			sourceTree = "<group>";
		};
		1F55D9B41DEA6C6B00A2D202 /* lib */ = {
			isa = PBXGroup;
			children = (
				1F55D9B51DEA6C6B00A2D202 /* command.js */,
				1F55D9B61DEA6C6B00A2D202 /* completion.js */,
				1F55D9B71DEA6C6B00A2D202 /* obj-filter.js */,
				1F55D9B81DEA6C6B00A2D202 /* usage.js */,
				1F55D9B91DEA6C6B00A2D202 /* validation.js */,
			);
			path = lib;
			sourceTree = "<group>";
		};
		1F55D9BB1DEA6C6B00A2D202 /* locales */ = {
			isa = PBXGroup;
			children = (
				1F55D9BC1DEA6C6B00A2D202 /* de.json */,
				1F55D9BD1DEA6C6B00A2D202 /* en.json */,
				1F55D9BE1DEA6C6B00A2D202 /* es.json */,
				1F55D9BF1DEA6C6B00A2D202 /* fr.json */,
				1F55D9C01DEA6C6B00A2D202 /* id.json */,
				1F55D9C11DEA6C6B00A2D202 /* it.json */,
				1F55D9C21DEA6C6B00A2D202 /* ja.json */,
				1F55D9C31DEA6C6B00A2D202 /* ko.json */,
				1F55D9C41DEA6C6B00A2D202 /* nb.json */,
				1F55D9C51DEA6C6B00A2D202 /* pirate.json */,
				1F55D9C61DEA6C6B00A2D202 /* pl.json */,
				1F55D9C71DEA6C6B00A2D202 /* pt.json */,
				1F55D9C81DEA6C6B00A2D202 /* pt_BR.json */,
				1F55D9C91DEA6C6B00A2D202 /* tr.json */,
				1F55D9CA1DEA6C6B00A2D202 /* zh.json */,
				1F55D9CB1DEA6C6B00A2D202 /* zh_CN.json */,
			);
			path = locales;
			sourceTree = "<group>";
		};
		1F55D9D51DEA6C6B00A2D202 /* Products */ = {
			isa = PBXGroup;
			children = (
				1F55DA3C1DEA6C6B00A2D202 /* libRNVectorIcons.a */,
			);
			name = Products;
			sourceTree = "<group>";
		};
		1F55D9D71DEA6C6B00A2D202 /* RNVectorIconsManager */ = {
			isa = PBXGroup;
			children = (
				1F55D9D81DEA6C6B00A2D202 /* RNVectorIconsManager.h */,
				1F55D9D91DEA6C6B00A2D202 /* RNVectorIconsManager.m */,
			);
			path = RNVectorIconsManager;
			sourceTree = "<group>";
		};
		1F55D9DA1DEA6C6B00A2D202 /* template */ = {
			isa = PBXGroup;
			children = (
				1F55D9DB1DEA6C6B00A2D202 /* iconSet.tpl */,
			);
			path = template;
			sourceTree = "<group>";
		};
		78C398B11ACF4ADC00677621 /* Products */ = {
			isa = PBXGroup;
			children = (
				78C398B91ACF4ADC00677621 /* libRCTLinking.a */,
			);
			name = Products;
			sourceTree = "<group>";
		};
		832341AE1AAA6A7D00B99B32 /* Libraries */ = {
			isa = PBXGroup;
			children = (
				146833FF1AC3E56700842450 /* React.xcodeproj */,
				00C302A71ABCB8CE00DB3ED1 /* RCTActionSheet.xcodeproj */,
				00C302B51ABCB90400DB3ED1 /* RCTGeolocation.xcodeproj */,
				00C302BB1ABCB91800DB3ED1 /* RCTImage.xcodeproj */,
				78C398B01ACF4ADC00677621 /* RCTLinking.xcodeproj */,
				00C302D31ABCB9D200DB3ED1 /* RCTNetwork.xcodeproj */,
				139105B61AF99BAD00B5F7CC /* RCTSettings.xcodeproj */,
				832341B01AAA6A8300B99B32 /* RCTText.xcodeproj */,
				00C302DF1ABCB9EE00DB3ED1 /* RCTVibration.xcodeproj */,
				139FDEE61B06529A00C62182 /* RCTWebSocket.xcodeproj */,
			);
			name = Libraries;
			sourceTree = "<group>";
		};
		832341B11AAA6A8300B99B32 /* Products */ = {
			isa = PBXGroup;
			children = (
				832341B51AAA6A8300B99B32 /* libRCTText.a */,
			);
			name = Products;
			sourceTree = "<group>";
		};
		83CBB9F61A601CBA00E9B192 = {
			isa = PBXGroup;
			children = (
				1F55D9731DEA6C6A00A2D202 /* react-native-vector-icons */,
				13B07FAE1A68108700A75B9A /* Project */,
				832341AE1AAA6A7D00B99B32 /* Libraries */,
				00E356EF1AD99517003FC87E /* ProjectTests */,
				83CBBA001A601CBA00E9B192 /* Products */,
			);
			indentWidth = 2;
			sourceTree = "<group>";
			tabWidth = 2;
		};
		83CBBA001A601CBA00E9B192 /* Products */ = {
			isa = PBXGroup;
			children = (
				13B07F961A680F5B00A75B9A /* Project.app */,
				00E356EE1AD99517003FC87E /* ProjectTests.xctest */,
			);
			name = Products;
			sourceTree = "<group>";
		};
/* End PBXGroup section */

/* Begin PBXNativeTarget section */
		00E356ED1AD99517003FC87E /* ProjectTests */ = {
			isa = PBXNativeTarget;
			buildConfigurationList = 00E357021AD99517003FC87E /* Build configuration list for PBXNativeTarget "ProjectTests" */;
			buildPhases = (
				00E356EA1AD99517003FC87E /* Sources */,
				00E356EB1AD99517003FC87E /* Frameworks */,
				00E356EC1AD99517003FC87E /* Resources */,
			);
			buildRules = (
			);
			dependencies = (
				00E356F51AD99517003FC87E /* PBXTargetDependency */,
			);
			name = ProjectTests;
			productName = ProjectTests;
			productReference = 00E356EE1AD99517003FC87E /* ProjectTests.xctest */;
			productType = "com.apple.product-type.bundle.unit-test";
		};
		13B07F861A680F5B00A75B9A /* Project */ = {
			isa = PBXNativeTarget;
			buildConfigurationList = 13B07F931A680F5B00A75B9A /* Build configuration list for PBXNativeTarget "Project" */;
			buildPhases = (
				13B07F871A680F5B00A75B9A /* Sources */,
				13B07F8C1A680F5B00A75B9A /* Frameworks */,
				13B07F8E1A680F5B00A75B9A /* Resources */,
				00DD1BFF1BD5951E006B06BC /* Bundle React Native code and images */,
			);
			buildRules = (
			);
			dependencies = (
			);
			name = Project;
			productName = "Hello World";
			productReference = 13B07F961A680F5B00A75B9A /* Project.app */;
			productType = "com.apple.product-type.application";
		};
/* End PBXNativeTarget section */

/* Begin PBXProject section */
		83CBB9F71A601CBA00E9B192 /* Project object */ = {
			isa = PBXProject;
			attributes = {
				LastUpgradeCheck = 0610;
				ORGANIZATIONNAME = Facebook;
				TargetAttributes = {
					00E356ED1AD99517003FC87E = {
						CreatedOnToolsVersion = 6.2;
						TestTargetID = 13B07F861A680F5B00A75B9A;
					};
				};
			};
			buildConfigurationList = 83CBB9FA1A601CBA00E9B192 /* Build configuration list for PBXProject "Project" */;
			compatibilityVersion = "Xcode 3.2";
			developmentRegion = English;
			hasScannedForEncodings = 0;
			knownRegions = (
				en,
				Base,
			);
			mainGroup = 83CBB9F61A601CBA00E9B192;
			productRefGroup = 83CBBA001A601CBA00E9B192 /* Products */;
			projectDirPath = "";
			projectReferences = (
				{
					ProductGroup = 00C302A81ABCB8CE00DB3ED1 /* Products */;
					ProjectRef = 00C302A71ABCB8CE00DB3ED1 /* RCTActionSheet.xcodeproj */;
				},
				{
					ProductGroup = 00C302B61ABCB90400DB3ED1 /* Products */;
					ProjectRef = 00C302B51ABCB90400DB3ED1 /* RCTGeolocation.xcodeproj */;
				},
				{
					ProductGroup = 00C302BC1ABCB91800DB3ED1 /* Products */;
					ProjectRef = 00C302BB1ABCB91800DB3ED1 /* RCTImage.xcodeproj */;
				},
				{
					ProductGroup = 78C398B11ACF4ADC00677621 /* Products */;
					ProjectRef = 78C398B01ACF4ADC00677621 /* RCTLinking.xcodeproj */;
				},
				{
					ProductGroup = 00C302D41ABCB9D200DB3ED1 /* Products */;
					ProjectRef = 00C302D31ABCB9D200DB3ED1 /* RCTNetwork.xcodeproj */;
				},
				{
					ProductGroup = 139105B71AF99BAD00B5F7CC /* Products */;
					ProjectRef = 139105B61AF99BAD00B5F7CC /* RCTSettings.xcodeproj */;
				},
				{
					ProductGroup = 832341B11AAA6A8300B99B32 /* Products */;
					ProjectRef = 832341B01AAA6A8300B99B32 /* RCTText.xcodeproj */;
				},
				{
					ProductGroup = 00C302E01ABCB9EE00DB3ED1 /* Products */;
					ProjectRef = 00C302DF1ABCB9EE00DB3ED1 /* RCTVibration.xcodeproj */;
				},
				{
					ProductGroup = 139FDEE71B06529A00C62182 /* Products */;
					ProjectRef = 139FDEE61B06529A00C62182 /* RCTWebSocket.xcodeproj */;
				},
				{
					ProductGroup = 146834001AC3E56700842450 /* Products */;
					ProjectRef = 146833FF1AC3E56700842450 /* React.xcodeproj */;
				},
				{
					ProductGroup = 1F55D9D51DEA6C6B00A2D202 /* Products */;
					ProjectRef = 1F55D9D41DEA6C6B00A2D202 /* RNVectorIcons.xcodeproj */;
				},
			);
			projectRoot = "";
			targets = (
				13B07F861A680F5B00A75B9A /* Project */,
				00E356ED1AD99517003FC87E /* ProjectTests */,
			);
		};
/* End PBXProject section */

/* Begin PBXReferenceProxy section */
		00C302AC1ABCB8CE00DB3ED1 /* libRCTActionSheet.a */ = {
			isa = PBXReferenceProxy;
			fileType = archive.ar;
			path = libRCTActionSheet.a;
			remoteRef = 00C302AB1ABCB8CE00DB3ED1 /* PBXContainerItemProxy */;
			sourceTree = BUILT_PRODUCTS_DIR;
		};
		00C302BA1ABCB90400DB3ED1 /* libRCTGeolocation.a */ = {
			isa = PBXReferenceProxy;
			fileType = archive.ar;
			path = libRCTGeolocation.a;
			remoteRef = 00C302B91ABCB90400DB3ED1 /* PBXContainerItemProxy */;
			sourceTree = BUILT_PRODUCTS_DIR;
		};
		00C302C01ABCB91800DB3ED1 /* libRCTImage.a */ = {
			isa = PBXReferenceProxy;
			fileType = archive.ar;
			path = libRCTImage.a;
			remoteRef = 00C302BF1ABCB91800DB3ED1 /* PBXContainerItemProxy */;
			sourceTree = BUILT_PRODUCTS_DIR;
		};
		00C302DC1ABCB9D200DB3ED1 /* libRCTNetwork.a */ = {
			isa = PBXReferenceProxy;
			fileType = archive.ar;
			path = libRCTNetwork.a;
			remoteRef = 00C302DB1ABCB9D200DB3ED1 /* PBXContainerItemProxy */;
			sourceTree = BUILT_PRODUCTS_DIR;
		};
		00C302E41ABCB9EE00DB3ED1 /* libRCTVibration.a */ = {
			isa = PBXReferenceProxy;
			fileType = archive.ar;
			path = libRCTVibration.a;
			remoteRef = 00C302E31ABCB9EE00DB3ED1 /* PBXContainerItemProxy */;
			sourceTree = BUILT_PRODUCTS_DIR;
		};
		139105C11AF99BAD00B5F7CC /* libRCTSettings.a */ = {
			isa = PBXReferenceProxy;
			fileType = archive.ar;
			path = libRCTSettings.a;
			remoteRef = 139105C01AF99BAD00B5F7CC /* PBXContainerItemProxy */;
			sourceTree = BUILT_PRODUCTS_DIR;
		};
		139FDEF41B06529B00C62182 /* libRCTWebSocket.a */ = {
			isa = PBXReferenceProxy;
			fileType = archive.ar;
			path = libRCTWebSocket.a;
			remoteRef = 139FDEF31B06529B00C62182 /* PBXContainerItemProxy */;
			sourceTree = BUILT_PRODUCTS_DIR;
		};
		146834041AC3E56700842450 /* libReact.a */ = {
			isa = PBXReferenceProxy;
			fileType = archive.ar;
			path = libReact.a;
			remoteRef = 146834031AC3E56700842450 /* PBXContainerItemProxy */;
			sourceTree = BUILT_PRODUCTS_DIR;
		};
		1F55DA3C1DEA6C6B00A2D202 /* libRNVectorIcons.a */ = {
			isa = PBXReferenceProxy;
			fileType = archive.ar;
			path = libRNVectorIcons.a;
			remoteRef = 1F55DA3B1DEA6C6B00A2D202 /* PBXContainerItemProxy */;
			sourceTree = BUILT_PRODUCTS_DIR;
		};
		78C398B91ACF4ADC00677621 /* libRCTLinking.a */ = {
			isa = PBXReferenceProxy;
			fileType = archive.ar;
			path = libRCTLinking.a;
			remoteRef = 78C398B81ACF4ADC00677621 /* PBXContainerItemProxy */;
			sourceTree = BUILT_PRODUCTS_DIR;
		};
		832341B51AAA6A8300B99B32 /* libRCTText.a */ = {
			isa = PBXReferenceProxy;
			fileType = archive.ar;
			path = libRCTText.a;
			remoteRef = 832341B41AAA6A8300B99B32 /* PBXContainerItemProxy */;
			sourceTree = BUILT_PRODUCTS_DIR;
		};
/* End PBXReferenceProxy section */

/* Begin PBXResourcesBuildPhase section */
		00E356EC1AD99517003FC87E /* Resources */ = {
			isa = PBXResourcesBuildPhase;
			buildActionMask = 2147483647;
			files = (
			);
			runOnlyForDeploymentPostprocessing = 0;
		};
		13B07F8E1A680F5B00A75B9A /* Resources */ = {
			isa = PBXResourcesBuildPhase;
			buildActionMask = 2147483647;
			files = (
				1F55DA091DEA6C6B00A2D202 /* LICENSE in Resources */,
				1F55D9DF1DEA6C6B00A2D202 /* .npmignore in Resources */,
				1F55DA141DEA6C6B00A2D202 /* LICENSE in Resources */,
				1F55D9FA1DEA6C6B00A2D202 /* icon-button.js in Resources */,
				1F55D9EA1DEA6C6B00A2D202 /* FontAwesome.ttf in Resources */,
				1F55DA1D1DEA6C6B00A2D202 /* nb.json in Resources */,
				1F55DA111DEA6C6B00A2D202 /* obj-filter.js in Resources */,
				1F55DA131DEA6C6B00A2D202 /* validation.js in Resources */,
				1F55DA241DEA6C6B00A2D202 /* zh_CN.json in Resources */,
				1F55D9EF1DEA6C6B00A2D202 /* Zocial.ttf in Resources */,
				1F55DA281DEA6C6B00A2D202 /* Octicons.js in Resources */,
				1F55DA221DEA6C6B00A2D202 /* tr.json in Resources */,
				1F55D9F71DEA6C6B00A2D202 /* create-icon-set-from-icomoon.js in Resources */,
				1F55DA1C1DEA6C6B00A2D202 /* ko.json in Resources */,
				1F55DA2F1DEA6C6B00A2D202 /* Zocial.js in Resources */,
				1F55D9F41DEA6C6B00A2D202 /* index.js in Resources */,
				1F55DA171DEA6C6B00A2D202 /* es.json in Resources */,
				1F55DA151DEA6C6B00A2D202 /* de.json in Resources */,
				1F55D9FE1DEA6C6B00A2D202 /* toolbar-android.js in Resources */,
				1F55D9E81DEA6C6B00A2D202 /* Entypo.ttf in Resources */,
				1F55D9F11DEA6C6B00A2D202 /* Foundation.js in Resources */,
				1F55D9E41DEA6C6B00A2D202 /* bower.json in Resources */,
				1F55D9FC1DEA6C6B00A2D202 /* react-native.osx.js in Resources */,
				1F55DA201DEA6C6B00A2D202 /* pt.json in Resources */,
				1F55DA031DEA6C6B00A2D202 /* index.js in Resources */,
				1F55DA231DEA6C6B00A2D202 /* zh.json in Resources */,
				1F55D9E11DEA6C6B00A2D202 /* AndroidManifest.xml in Resources */,
				1F55DA2B1DEA6C6B00A2D202 /* RNIMigration.js in Resources */,
				1F55DA1F1DEA6C6B00A2D202 /* pl.json in Resources */,
				1F55DA161DEA6C6B00A2D202 /* en.json in Resources */,
				1F55D9E51DEA6C6B00A2D202 /* Entypo.js in Resources */,
				1F55DA071DEA6C6B00A2D202 /* cli.js in Resources */,
				1F55DA1A1DEA6C6B00A2D202 /* it.json in Resources */,
				1F55D9EB1DEA6C6B00A2D202 /* Foundation.ttf in Resources */,
				1F55DA1E1DEA6C6B00A2D202 /* pirate.json in Resources */,
				1F55DA2E1DEA6C6B00A2D202 /* iconSet.tpl in Resources */,
				1F55D9F51DEA6C6B00A2D202 /* Ionicons.js in Resources */,
				1F55DA101DEA6C6B00A2D202 /* completion.js in Resources */,
				1F55D9FD1DEA6C6B00A2D202 /* tab-bar-item-ios.js in Resources */,
				1F55D9E01DEA6C6B00A2D202 /* build.gradle in Resources */,
				1F55DA041DEA6C6B00A2D202 /* LICENSE.txt in Resources */,
				1F55D9FB1DEA6C6B00A2D202 /* react-native.js in Resources */,
				1F55D9F21DEA6C6B00A2D202 /* generate-icon.js in Resources */,
				13B07FBF1A68108700A75B9A /* Images.xcassets in Resources */,
				1F55DA181DEA6C6B00A2D202 /* fr.json in Resources */,
				1F55DA121DEA6C6B00A2D202 /* usage.js in Resources */,
				1F55D9E91DEA6C6B00A2D202 /* EvilIcons.ttf in Resources */,
				1F55D9EE1DEA6C6B00A2D202 /* Octicons.ttf in Resources */,
				1F55DA051DEA6C6B00A2D202 /* package.json in Resources */,
				1F55DA271DEA6C6B00A2D202 /* yargs.js in Resources */,
				1F55DA191DEA6C6B00A2D202 /* id.json in Resources */,
				1F55DA0D1DEA6C6B00A2D202 /* completion.sh.hbs in Resources */,
				1F55DA2C1DEA6C6B00A2D202 /* RNVectorIcons.podspec in Resources */,
				1F55DA001DEA6C6B00A2D202 /* MaterialIcons.js in Resources */,
				1F55DA211DEA6C6B00A2D202 /* pt_BR.json in Resources */,
				1F55D9EC1DEA6C6B00A2D202 /* Ionicons.ttf in Resources */,
				1F55D9ED1DEA6C6B00A2D202 /* MaterialIcons.ttf in Resources */,
				1F55DA0E1DEA6C6B00A2D202 /* index.js in Resources */,
				1F55D9FF1DEA6C6B00A2D202 /* LICENSE in Resources */,
				13B07FBD1A68108700A75B9A /* LaunchScreen.xib in Resources */,
				1F55DA291DEA6C6B00A2D202 /* package.json in Resources */,
				1F55DA1B1DEA6C6B00A2D202 /* ja.json in Resources */,
				1F55D9DD1DEA6C6B00A2D202 /* .editorconfig in Resources */,
				1F55DA251DEA6C6B00A2D202 /* package.json in Resources */,
				1F55D9DE1DEA6C6B00A2D202 /* .eslintrc in Resources */,
				1F55D9F31DEA6C6B00A2D202 /* generate-material-icons.js in Resources */,
				1F55D9E61DEA6C6B00A2D202 /* EvilIcons.js in Resources */,
				1F55DA0A1DEA6C6B00A2D202 /* package.json in Resources */,
				1F55D9F81DEA6C6B00A2D202 /* create-icon-set.js in Resources */,
				1F55D9E71DEA6C6B00A2D202 /* FontAwesome.js in Resources */,
				1F55D9F91DEA6C6B00A2D202 /* generate-icon-set-from-css.js in Resources */,
				1F55D9F61DEA6C6B00A2D202 /* create-icon-set-from-fontello.js in Resources */,
				1F55DA081DEA6C6B00A2D202 /* index.js in Resources */,
				1F55D9F01DEA6C6B00A2D202 /* fonts.gradle in Resources */,
				1F55DA0F1DEA6C6B00A2D202 /* command.js in Resources */,
				1F55DA011DEA6C6B00A2D202 /* window-size in Resources */,
			);
			runOnlyForDeploymentPostprocessing = 0;
		};
/* End PBXResourcesBuildPhase section */

/* Begin PBXShellScriptBuildPhase section */
		00DD1BFF1BD5951E006B06BC /* Bundle React Native code and images */ = {
			isa = PBXShellScriptBuildPhase;
			buildActionMask = 2147483647;
			files = (
			);
			inputPaths = (
			);
			name = "Bundle React Native code and images";
			outputPaths = (
			);
			runOnlyForDeploymentPostprocessing = 0;
			shellPath = /bin/sh;
			shellScript = "export NODE_BINARY=node\n../node_modules/react-native/packager/react-native-xcode.sh";
		};
/* End PBXShellScriptBuildPhase section */

/* Begin PBXSourcesBuildPhase section */
		00E356EA1AD99517003FC87E /* Sources */ = {
			isa = PBXSourcesBuildPhase;
			buildActionMask = 2147483647;
			files = (
				00E356F31AD99517003FC87E /* ProjectTests.m in Sources */,
			);
			runOnlyForDeploymentPostprocessing = 0;
		};
		13B07F871A680F5B00A75B9A /* Sources */ = {
			isa = PBXSourcesBuildPhase;
			buildActionMask = 2147483647;
			files = (
				1F55DA061DEA6C6B00A2D202 /* README.md in Sources */,
				13B07FBC1A68108700A75B9A /* AppDelegate.m in Sources */,
				1F55DA2A1DEA6C6B00A2D202 /* README.md in Sources */,
				1F55DA021DEA6C6B00A2D202 /* CHANGELOG.md in Sources */,
				1F55DA0C1DEA6C6B00A2D202 /* CHANGELOG.md in Sources */,
				1F55DA2D1DEA6C6B00A2D202 /* RNVectorIconsManager.m in Sources */,
				1F55DA0B1DEA6C6B00A2D202 /* README.md in Sources */,
				13B07FC11A68108700A75B9A /* main.m in Sources */,
				1F55DA261DEA6C6B00A2D202 /* README.md in Sources */,
				1F55D9E31DEA6C6B00A2D202 /* VectorIconsPackage.java in Sources */,
				1F55D9E21DEA6C6B00A2D202 /* VectorIconsModule.java in Sources */,
			);
			runOnlyForDeploymentPostprocessing = 0;
		};
/* End PBXSourcesBuildPhase section */

/* Begin PBXTargetDependency section */
		00E356F51AD99517003FC87E /* PBXTargetDependency */ = {
			isa = PBXTargetDependency;
			target = 13B07F861A680F5B00A75B9A /* Project */;
			targetProxy = 00E356F41AD99517003FC87E /* PBXContainerItemProxy */;
		};
/* End PBXTargetDependency section */

/* Begin PBXVariantGroup section */
		13B07FB11A68108700A75B9A /* LaunchScreen.xib */ = {
			isa = PBXVariantGroup;
			children = (
				13B07FB21A68108700A75B9A /* Base */,
			);
			name = LaunchScreen.xib;
			path = Project;
			sourceTree = "<group>";
		};
/* End PBXVariantGroup section */

/* Begin XCBuildConfiguration section */
		00E356F61AD99517003FC87E /* Debug */ = {
			isa = XCBuildConfiguration;
			buildSettings = {
				BUNDLE_LOADER = "$(TEST_HOST)";
				GCC_PREPROCESSOR_DEFINITIONS = (
					"DEBUG=1",
					"$(inherited)",
				);
				INFOPLIST_FILE = ProjectTests/Info.plist;
				IPHONEOS_DEPLOYMENT_TARGET = 8.2;
				LD_RUNPATH_SEARCH_PATHS = "$(inherited) @executable_path/Frameworks @loader_path/Frameworks";
				PRODUCT_NAME = "$(TARGET_NAME)";
				TEST_HOST = "$(BUILT_PRODUCTS_DIR)/Project.app/Project";
			};
			name = Debug;
		};
		00E356F71AD99517003FC87E /* Release */ = {
			isa = XCBuildConfiguration;
			buildSettings = {
				BUNDLE_LOADER = "$(TEST_HOST)";
				COPY_PHASE_STRIP = NO;
				INFOPLIST_FILE = ProjectTests/Info.plist;
				IPHONEOS_DEPLOYMENT_TARGET = 8.2;
				LD_RUNPATH_SEARCH_PATHS = "$(inherited) @executable_path/Frameworks @loader_path/Frameworks";
				PRODUCT_NAME = "$(TARGET_NAME)";
				TEST_HOST = "$(BUILT_PRODUCTS_DIR)/Project.app/Project";
			};
			name = Release;
		};
		13B07F941A680F5B00A75B9A /* Debug */ = {
			isa = XCBuildConfiguration;
			buildSettings = {
				ASSETCATALOG_COMPILER_APPICON_NAME = AppIcon;
				DEAD_CODE_STRIPPING = NO;
				HEADER_SEARCH_PATHS = (
					"$(inherited)",
					/Applications/Xcode.app/Contents/Developer/Toolchains/XcodeDefault.xctoolchain/usr/include,
					"$(SRCROOT)/../node_modules/react-native/React/**",
				);
				INFOPLIST_FILE = Project/Info.plist;
				LD_RUNPATH_SEARCH_PATHS = "$(inherited) @executable_path/Frameworks";
				OTHER_LDFLAGS = (
					"-ObjC",
					"-lc++",
				);
				PRODUCT_BUNDLE_IDENTIFIER = "org.vivintsolar.solar-liason";
				PRODUCT_NAME = Project;
			};
			name = Debug;
		};
		13B07F951A680F5B00A75B9A /* Release */ = {
			isa = XCBuildConfiguration;
			buildSettings = {
				ASSETCATALOG_COMPILER_APPICON_NAME = AppIcon;
				HEADER_SEARCH_PATHS = (
					"$(inherited)",
					/Applications/Xcode.app/Contents/Developer/Toolchains/XcodeDefault.xctoolchain/usr/include,
					"$(SRCROOT)/../node_modules/react-native/React/**",
				);
				INFOPLIST_FILE = Project/Info.plist;
				LD_RUNPATH_SEARCH_PATHS = "$(inherited) @executable_path/Frameworks";
				OTHER_LDFLAGS = (
					"-ObjC",
					"-lc++",
				);
				PRODUCT_BUNDLE_IDENTIFIER = "org.vivintsolar.solar-liason";
				PRODUCT_NAME = Project;
			};
			name = Release;
		};
		83CBBA201A601CBA00E9B192 /* Debug */ = {
			isa = XCBuildConfiguration;
			buildSettings = {
				ALWAYS_SEARCH_USER_PATHS = NO;
				CLANG_CXX_LANGUAGE_STANDARD = "gnu++0x";
				CLANG_CXX_LIBRARY = "libc++";
				CLANG_ENABLE_MODULES = YES;
				CLANG_ENABLE_OBJC_ARC = YES;
				CLANG_WARN_BOOL_CONVERSION = YES;
				CLANG_WARN_CONSTANT_CONVERSION = YES;
				CLANG_WARN_DIRECT_OBJC_ISA_USAGE = YES_ERROR;
				CLANG_WARN_EMPTY_BODY = YES;
				CLANG_WARN_ENUM_CONVERSION = YES;
				CLANG_WARN_INT_CONVERSION = YES;
				CLANG_WARN_OBJC_ROOT_CLASS = YES_ERROR;
				CLANG_WARN_UNREACHABLE_CODE = YES;
				CLANG_WARN__DUPLICATE_METHOD_MATCH = YES;
				"CODE_SIGN_IDENTITY[sdk=iphoneos*]" = "iPhone Developer";
				COPY_PHASE_STRIP = NO;
				ENABLE_STRICT_OBJC_MSGSEND = YES;
				GCC_C_LANGUAGE_STANDARD = gnu99;
				GCC_DYNAMIC_NO_PIC = NO;
				GCC_OPTIMIZATION_LEVEL = 0;
				GCC_PREPROCESSOR_DEFINITIONS = (
					"DEBUG=1",
					"$(inherited)",
				);
				GCC_SYMBOLS_PRIVATE_EXTERN = NO;
				GCC_WARN_64_TO_32_BIT_CONVERSION = YES;
				GCC_WARN_ABOUT_RETURN_TYPE = YES_ERROR;
				GCC_WARN_UNDECLARED_SELECTOR = YES;
				GCC_WARN_UNINITIALIZED_AUTOS = YES_AGGRESSIVE;
				GCC_WARN_UNUSED_FUNCTION = YES;
				GCC_WARN_UNUSED_VARIABLE = YES;
				HEADER_SEARCH_PATHS = (
					"$(inherited)",
					/Applications/Xcode.app/Contents/Developer/Toolchains/XcodeDefault.xctoolchain/usr/include,
					"$(SRCROOT)/../node_modules/react-native/React/**",
				);
				IPHONEOS_DEPLOYMENT_TARGET = 7.0;
				MTL_ENABLE_DEBUG_INFO = YES;
				ONLY_ACTIVE_ARCH = YES;
				SDKROOT = iphoneos;
			};
			name = Debug;
		};
		83CBBA211A601CBA00E9B192 /* Release */ = {
			isa = XCBuildConfiguration;
			buildSettings = {
				ALWAYS_SEARCH_USER_PATHS = NO;
				CLANG_CXX_LANGUAGE_STANDARD = "gnu++0x";
				CLANG_CXX_LIBRARY = "libc++";
				CLANG_ENABLE_MODULES = YES;
				CLANG_ENABLE_OBJC_ARC = YES;
				CLANG_WARN_BOOL_CONVERSION = YES;
				CLANG_WARN_CONSTANT_CONVERSION = YES;
				CLANG_WARN_DIRECT_OBJC_ISA_USAGE = YES_ERROR;
				CLANG_WARN_EMPTY_BODY = YES;
				CLANG_WARN_ENUM_CONVERSION = YES;
				CLANG_WARN_INT_CONVERSION = YES;
				CLANG_WARN_OBJC_ROOT_CLASS = YES_ERROR;
				CLANG_WARN_UNREACHABLE_CODE = YES;
				CLANG_WARN__DUPLICATE_METHOD_MATCH = YES;
				"CODE_SIGN_IDENTITY[sdk=iphoneos*]" = "iPhone Developer";
				COPY_PHASE_STRIP = YES;
				ENABLE_NS_ASSERTIONS = NO;
				ENABLE_STRICT_OBJC_MSGSEND = YES;
				GCC_C_LANGUAGE_STANDARD = gnu99;
				GCC_WARN_64_TO_32_BIT_CONVERSION = YES;
				GCC_WARN_ABOUT_RETURN_TYPE = YES_ERROR;
				GCC_WARN_UNDECLARED_SELECTOR = YES;
				GCC_WARN_UNINITIALIZED_AUTOS = YES_AGGRESSIVE;
				GCC_WARN_UNUSED_FUNCTION = YES;
				GCC_WARN_UNUSED_VARIABLE = YES;
				HEADER_SEARCH_PATHS = (
					"$(inherited)",
					/Applications/Xcode.app/Contents/Developer/Toolchains/XcodeDefault.xctoolchain/usr/include,
					"$(SRCROOT)/../node_modules/react-native/React/**",
				);
				IPHONEOS_DEPLOYMENT_TARGET = 7.0;
				MTL_ENABLE_DEBUG_INFO = NO;
				SDKROOT = iphoneos;
				VALIDATE_PRODUCT = YES;
			};
			name = Release;
		};
/* End XCBuildConfiguration section */

/* Begin XCConfigurationList section */
		00E357021AD99517003FC87E /* Build configuration list for PBXNativeTarget "ProjectTests" */ = {
			isa = XCConfigurationList;
			buildConfigurations = (
				00E356F61AD99517003FC87E /* Debug */,
				00E356F71AD99517003FC87E /* Release */,
			);
			defaultConfigurationIsVisible = 0;
			defaultConfigurationName = Release;
		};
		13B07F931A680F5B00A75B9A /* Build configuration list for PBXNativeTarget "Project" */ = {
			isa = XCConfigurationList;
			buildConfigurations = (
				13B07F941A680F5B00A75B9A /* Debug */,
				13B07F951A680F5B00A75B9A /* Release */,
			);
			defaultConfigurationIsVisible = 0;
			defaultConfigurationName = Release;
		};
		83CBB9FA1A601CBA00E9B192 /* Build configuration list for PBXProject "Project" */ = {
			isa = XCConfigurationList;
			buildConfigurations = (
				83CBBA201A601CBA00E9B192 /* Debug */,
				83CBBA211A601CBA00E9B192 /* Release */,
			);
			defaultConfigurationIsVisible = 0;
			defaultConfigurationName = Release;
		};
/* End XCConfigurationList section */
	};
	rootObject = 83CBB9F71A601CBA00E9B192 /* Project object */;
}
